
Microsoft Visual Studio Solution File, Format Version 12.00
# Visual Studio 15
VisualStudioVersion = 15.0.27703.2035
MinimumVisualStudioVersion = 10.0.40219.1
Project("{FAE04EC0-301F-11D3-BF4B-00C04F79EFBC}") = "hepsiburada.com", "hepsiburada.com\hepsiburada.com.csproj", "{632265DB-CBF0-4625-8B37-A494A6D6CA2B}"
EndProject
Project("{FAE04EC0-301F-11D3-BF4B-00C04F79EFBC}") = "mailkontrol", "mailkontrol\mailkontrol.csproj", "{3BB6D8DB-33B4-428F-9A1D-0E20B2B3D57A}"
EndProject
Project("{FAE04EC0-301F-11D3-BF4B-00C04F79EFBC}") = "mailHost", "mailHost\mailHost.csproj", "{652D0DE3-E8A0-4B21-8966-9470A5865B40}"
EndProject
Global
	GlobalSection(SolutionConfigurationPlatforms) = preSolution
		Debug|Any CPU = Debug|Any CPU
		Release|Any CPU = Release|Any CPU
	EndGlobalSection
	GlobalSection(ProjectConfigurationPlatforms) = postSolution
		{632265DB-CBF0-4625-8B37-A494A6D6CA2B}.Debug|Any CPU.ActiveCfg = Debug|Any CPU
		{632265DB-CBF0-4625-8B37-A494A6D6CA2B}.Debug|Any CPU.Build.0 = Debug|Any CPU
		{632265DB-CBF0-4625-8B37-A494A6D6CA2B}.Release|Any CPU.ActiveCfg = Release|Any CPU
		{632265DB-CBF0-4625-8B37-A494A6D6CA2B}.Release|Any CPU.Build.0 = Release|Any CPU
		{3BB6D8DB-33B4-428F-9A1D-0E20B2B3D57A}.Debug|Any CPU.ActiveCfg = Debug|Any CPU
		{3BB6D8DB-33B4-428F-9A1D-0E20B2B3D57A}.Debug|Any CPU.Build.0 = Debug|Any CPU
		{3BB6D8DB-33B4-428F-9A1D-0E20B2B3D57A}.Release|Any CPU.ActiveCfg = Release|Any CPU
		{3BB6D8DB-33B4-428F-9A1D-0E20B2B3D57A}.Release|Any CPU.Build.0 = Release|Any CPU
		{652D0DE3-E8A0-4B21-8966-9470A5865B40}.Debug|Any CPU.ActiveCfg = Debug|Any CPU
		{652D0DE3-E8A0-4B21-8966-9470A5865B40}.Debug|Any CPU.Build.0 = Debug|Any CPU
		{652D0DE3-E8A0-4B21-8966-9470A5865B40}.Release|Any CPU.ActiveCfg = Release|Any CPU
		{652D0DE3-E8A0-4B21-8966-9470A5865B40}.Release|Any CPU.Build.0 = Release|Any CPU
	EndGlobalSection
	GlobalSection(SolutionProperties) = preSolution
		HideSolutionNode = FALSE
	EndGlobalSection
	GlobalSection(ExtensibilityGlobals) = postSolution
		SolutionGuid = {1922835E-65E9-4038-8734-2AA1832E919C}
	EndGlobalSection
EndGlobal
